
Microsoft Visual Studio Solution File, Format Version 12.00
# Visual Studio Version 17
VisualStudioVersion = 17.8.34330.188
MinimumVisualStudioVersion = 10.0.40219.1
Project("{9A19103F-16F7-4668-BE54-9A1E7A4F7556}") = "NoOpTexturePacker", "NoOpTexturePacker\NoOpTexturePacker.csproj", "{1212C021-089F-4B3B-B37E-1A6611448AB0}"
EndProject
Global
	GlobalSection(SolutionConfigurationPlatforms) = preSolution
		Debug|Any CPU = Debug|Any CPU
		Release|Any CPU = Release|Any CPU
	EndGlobalSection
	GlobalSection(ProjectConfigurationPlatforms) = postSolution
		{1212C021-089F-4B3B-B37E-1A6611448AB0}.Debug|Any CPU.ActiveCfg = Debug|Any CPU
		{1212C021-089F-4B3B-B37E-1A6611448AB0}.Debug|Any CPU.Build.0 = Debug|Any CPU
		{1212C021-089F-4B3B-B37E-1A6611448AB0}.Release|Any CPU.ActiveCfg = Release|Any CPU
		{1212C021-089F-4B3B-B37E-1A6611448AB0}.Release|Any CPU.Build.0 = Release|Any CPU
	EndGlobalSection
	GlobalSection(SolutionProperties) = preSolution
		HideSolutionNode = FALSE
	EndGlobalSection
	GlobalSection(ExtensibilityGlobals) = postSolution
		SolutionGuid = {FD5FD388-77D5-4C3F-84BD-C2C30EE4AF70}
	EndGlobalSection
EndGlobal
